{
  "name": "web",
  "version": "0.0.0",
  "lockfileVersion": 1,
  "requires": true,
  "dependencies": {
    "csv-file-creator": {
      "version": "1.0.7",
      "resolved":
        "https://registry.npmjs.org/csv-file-creator/-/csv-file-creator-1.0.7.tgz",
      "integrity": "sha1-M4kmHaY59Dwd7w0s0VeMZrmoAlk="
    },
    "eslint-plugin-flowtype": {
      "version": "2.35.1",
      "resolved":
        "https://registry.npmjs.org/eslint-plugin-flowtype/-/eslint-plugin-flowtype-2.35.1.tgz",
      "integrity":
        "sha512-YTCeVsMOi3ga8PJjdAV97FaTNXNknzrO+4ZDMHJN65i4uMjL5KgfgQZpyVsBirWOfgXMKRduxpsyM64K/0LbXw==",
      "dev": true,
      "requires": {
        "lodash": "4.17.4"
      }
    },
    "lodash": {
      "version": "4.17.4",
      "resolved": "https://registry.npmjs.org/lodash/-/lodash-4.17.4.tgz",
      "integrity": "sha1-eCA6TRwyiuHYbcpkYONptX9AVa4=",
      "dev": true
    }
  }
}
